{
  "name": "node-starter",
  "version": "0.0.0",
  "lockfileVersion": 2,
  "requires": true,
  "packages": {
    "": {
      "name": "node-starter",
      "version": "0.0.0",
      "dependencies": {
        "creditcards": "^4.2.0",
        "creditcards-types": "^3.3.0",
        "global-card-ident": "^1.0.8",
        "payform": "^1.4.0"
      }
    },
    "node_modules/creditcards": {
      "version": "4.2.0",
      "resolved": "https://registry.npmjs.org/creditcards/-/creditcards-4.2.0.tgz",
      "integrity": "sha512-ruI0EuNUYatVv5g3QP2MfCwLlxrZf6HReWZnLZvvX7CPGnEbPuiuWrEzXwT5bGUQcRjFvksirP3amP/taeyXuQ==",
      "dependencies": {
        "creditcards-types": "^3.1.0",
        "fast-luhn": "^2.0.0",
        "is-valid-month": "^1.0.0",
        "parse-int": "^1.0.3",
        "parse-year": "^1.0.0"
      },
      "engines": {
        "node": ">= 10"
      }
    },
    "node_modules/creditcards-types": {
      "version": "3.3.0",
      "resolved": "https://registry.npmjs.org/creditcards-types/-/creditcards-types-3.3.0.tgz",
      "integrity": "sha512-RyipYMSsH2Hb9/vQ+x2LkrHow2d2/tyZmmpkXVjF8plM3/S+phj6xjj753QaJb/VQxgY+zwzKGS8CHW5/AD08w==",
      "engines": {
        "node": ">= 10"
      }
    },
    "node_modules/expand-year": {
      "version": "1.0.0",
      "resolved": "https://registry.npmjs.org/expand-year/-/expand-year-1.0.0.tgz",
      "integrity": "sha512-7b2Q87X/SJraoCbOx+3bG8FmIPYkNMCNJtsYVcv/05UIoKb4qjDV7NUYHWAlHsl/O04GmzY7OEP/zqfnsMf6fQ==",
      "dependencies": {
        "parse-int": "^1.0.0",
        "zero-fill": "^2.2.1"
      },
      "engines": {
        "node": ">=0.10.0"
      }
    },
    "node_modules/fast-luhn": {
      "version": "2.0.0",
      "resolved": "https://registry.npmjs.org/fast-luhn/-/fast-luhn-2.0.0.tgz",
      "integrity": "sha512-REI/GKhchu+SflfR6DOusv/KJGp2+rZ0FCANa2GWsxr669BuuLPKrXqImtbGVXlRkkCOM7mZlk8icdLmZeGBog==",
      "engines": {
        "node": ">=8"
      }
    },
    "node_modules/global-card-ident": {
      "version": "1.0.8",
      "resolved": "https://registry.npmjs.org/global-card-ident/-/global-card-ident-1.0.8.tgz",
      "integrity": "sha512-eAfR04sgZ/l4MZOMjeZY8Sfppr+0YssPUpMDvEeephSxubLctKO7e6AAXMhPqisLp3eKyMKJIudYJVXkMj7FTA=="
    },
    "node_modules/is-finite": {
      "version": "1.1.0",
      "resolved": "https://registry.npmjs.org/is-finite/-/is-finite-1.1.0.tgz",
      "integrity": "sha512-cdyMtqX/BOqqNBBiKlIVkytNHm49MtMlYyn1zxzvJKWmFMlGzm+ry5BBfYyeY9YmNKbRSo/o7OX9w9ale0wg3w==",
      "engines": {
        "node": ">=0.10.0"
      },
      "funding": {
        "url": "https://github.com/sponsors/sindresorhus"
      }
    },
    "node_modules/is-integer": {
      "version": "1.0.7",
      "resolved": "https://registry.npmjs.org/is-integer/-/is-integer-1.0.7.tgz",
      "integrity": "sha512-RPQc/s9yBHSvpi+hs9dYiJ2cuFeU6x3TyyIp8O2H6SKEltIvJOzRj9ToyvcStDvPR/pS4rxgr1oBFajQjZ2Szg==",
      "dependencies": {
        "is-finite": "^1.0.0"
      }
    },
    "node_modules/is-valid-month": {
      "version": "1.0.0",
      "resolved": "https://registry.npmjs.org/is-valid-month/-/is-valid-month-1.0.0.tgz",
      "integrity": "sha512-veCkZU8ExhHGXd5i20ZixCnub2nNdwAxR8liLsgwwr278SLgEn29x9rvXHCviVTU8jr0RaXHCXQo1F2adLc37g==",
      "dependencies": {
        "is-integer": "~1.0.4"
      },
      "engines": {
        "node": ">=0.10.0"
      }
    },
    "node_modules/parse-int": {
      "version": "1.0.3",
      "resolved": "https://registry.npmjs.org/parse-int/-/parse-int-1.0.3.tgz",
      "integrity": "sha512-TfDLnW/E7Hu53nxclRtgCvvjCyA+iRqlzEbpDDRpTFSc1ovRSL/EDpgpRaEhxrGOx2w1k9bkE189FXt6PnOUUQ==",
      "dependencies": {
        "is-integer": "^1.0.4"
      },
      "engines": {
        "node": ">=0.10.0"
      }
    },
    "node_modules/parse-year": {
      "version": "1.0.0",
      "resolved": "https://registry.npmjs.org/parse-year/-/parse-year-1.0.0.tgz",
      "integrity": "sha512-Q4jV3mna75cuno7ODdNU1rzSw99uhMKccCeac1aHvHuUk6Kw7u2DmfS3Jgkv8KSxpdU0EvnDvQ0rLNmSc5HsvQ==",
      "dependencies": {
        "expand-year": "^1.0.0",
        "parse-int": "^1.0.0"
      },
      "engines": {
        "node": ">=0.10.0"
      }
    },
    "node_modules/payform": {
      "version": "1.4.0",
      "resolved": "https://registry.npmjs.org/payform/-/payform-1.4.0.tgz",
      "integrity": "sha512-RJmaN9kgagImufD8iP6so8F2oUZwRduUdSPcG6Xbh8zu3roOCYmctFEGUH/a/nGNd97npetXEYXJIChN1gYhig=="
    },
    "node_modules/zero-fill": {
      "version": "2.2.4",
      "resolved": "https://registry.npmjs.org/zero-fill/-/zero-fill-2.2.4.tgz",
      "integrity": "sha512-/N5GEDauLHz2uGnuJXWO1Wfib4EC+q4yp9C1jojM7RubwEKADqIqMcYpETMm1lRop403fi3v1qTOdgDE8DIOdw==",
      "funding": [
        {
          "type": "github",
          "url": "https://github.com/sponsors/feross"
        },
        {
          "type": "patreon",
          "url": "https://www.patreon.com/feross"
        },
        {
          "type": "consulting",
          "url": "https://feross.org/support"
        }
      ]
    }
  },
  "dependencies": {
    "creditcards": {
      "version": "4.2.0",
      "resolved": "https://registry.npmjs.org/creditcards/-/creditcards-4.2.0.tgz",
      "integrity": "sha512-ruI0EuNUYatVv5g3QP2MfCwLlxrZf6HReWZnLZvvX7CPGnEbPuiuWrEzXwT5bGUQcRjFvksirP3amP/taeyXuQ==",
      "requires": {
        "creditcards-types": "^3.1.0",
        "fast-luhn": "^2.0.0",
        "is-valid-month": "^1.0.0",
        "parse-int": "^1.0.3",
        "parse-year": "^1.0.0"
      }
    },
    "creditcards-types": {
      "version": "3.3.0",
      "resolved": "https://registry.npmjs.org/creditcards-types/-/creditcards-types-3.3.0.tgz",
      "integrity": "sha512-RyipYMSsH2Hb9/vQ+x2LkrHow2d2/tyZmmpkXVjF8plM3/S+phj6xjj753QaJb/VQxgY+zwzKGS8CHW5/AD08w=="
    },
    "expand-year": {
      "version": "1.0.0",
      "resolved": "https://registry.npmjs.org/expand-year/-/expand-year-1.0.0.tgz",
      "integrity": "sha512-7b2Q87X/SJraoCbOx+3bG8FmIPYkNMCNJtsYVcv/05UIoKb4qjDV7NUYHWAlHsl/O04GmzY7OEP/zqfnsMf6fQ==",
      "requires": {
        "parse-int": "^1.0.0",
        "zero-fill": "^2.2.1"
      }
    },
    "fast-luhn": {
      "version": "2.0.0",
      "resolved": "https://registry.npmjs.org/fast-luhn/-/fast-luhn-2.0.0.tgz",
      "integrity": "sha512-REI/GKhchu+SflfR6DOusv/KJGp2+rZ0FCANa2GWsxr669BuuLPKrXqImtbGVXlRkkCOM7mZlk8icdLmZeGBog=="
    },
    "global-card-ident": {
      "version": "1.0.8",
      "resolved": "https://registry.npmjs.org/global-card-ident/-/global-card-ident-1.0.8.tgz",
      "integrity": "sha512-eAfR04sgZ/l4MZOMjeZY8Sfppr+0YssPUpMDvEeephSxubLctKO7e6AAXMhPqisLp3eKyMKJIudYJVXkMj7FTA=="
    },
    "is-finite": {
      "version": "1.1.0",
      "resolved": "https://registry.npmjs.org/is-finite/-/is-finite-1.1.0.tgz",
      "integrity": "sha512-cdyMtqX/BOqqNBBiKlIVkytNHm49MtMlYyn1zxzvJKWmFMlGzm+ry5BBfYyeY9YmNKbRSo/o7OX9w9ale0wg3w=="
    },
    "is-integer": {
      "version": "1.0.7",
      "resolved": "https://registry.npmjs.org/is-integer/-/is-integer-1.0.7.tgz",
      "integrity": "sha512-RPQc/s9yBHSvpi+hs9dYiJ2cuFeU6x3TyyIp8O2H6SKEltIvJOzRj9ToyvcStDvPR/pS4rxgr1oBFajQjZ2Szg==",
      "requires": {
        "is-finite": "^1.0.0"
      }
    },
    "is-valid-month": {
      "version": "1.0.0",
      "resolved": "https://registry.npmjs.org/is-valid-month/-/is-valid-month-1.0.0.tgz",
      "integrity": "sha512-veCkZU8ExhHGXd5i20ZixCnub2nNdwAxR8liLsgwwr278SLgEn29x9rvXHCviVTU8jr0RaXHCXQo1F2adLc37g==",
      "requires": {
        "is-integer": "~1.0.4"
      }
    },
    "parse-int": {
      "version": "1.0.3",
      "resolved": "https://registry.npmjs.org/parse-int/-/parse-int-1.0.3.tgz",
      "integrity": "sha512-TfDLnW/E7Hu53nxclRtgCvvjCyA+iRqlzEbpDDRpTFSc1ovRSL/EDpgpRaEhxrGOx2w1k9bkE189FXt6PnOUUQ==",
      "requires": {
        "is-integer": "^1.0.4"
      }
    },
    "parse-year": {
      "version": "1.0.0",
      "resolved": "https://registry.npmjs.org/parse-year/-/parse-year-1.0.0.tgz",
      "integrity": "sha512-Q4jV3mna75cuno7ODdNU1rzSw99uhMKccCeac1aHvHuUk6Kw7u2DmfS3Jgkv8KSxpdU0EvnDvQ0rLNmSc5HsvQ==",
      "requires": {
        "expand-year": "^1.0.0",
        "parse-int": "^1.0.0"
      }
    },
    "payform": {
      "version": "1.4.0",
      "resolved": "https://registry.npmjs.org/payform/-/payform-1.4.0.tgz",
      "integrity": "sha512-RJmaN9kgagImufD8iP6so8F2oUZwRduUdSPcG6Xbh8zu3roOCYmctFEGUH/a/nGNd97npetXEYXJIChN1gYhig=="
    },
    "zero-fill": {
      "version": "2.2.4",
      "resolved": "https://registry.npmjs.org/zero-fill/-/zero-fill-2.2.4.tgz",
      "integrity": "sha512-/N5GEDauLHz2uGnuJXWO1Wfib4EC+q4yp9C1jojM7RubwEKADqIqMcYpETMm1lRop403fi3v1qTOdgDE8DIOdw=="
    }
  }
}
